
Microsoft Visual Studio Solution File, Format Version 12.00
# Visual Studio Version 16
VisualStudioVersion = 16.0.28803.452
MinimumVisualStudioVersion = 10.0.40219.1
Project("{FAE04EC0-301F-11D3-BF4B-00C04F79EFBC}") = "CB_Choice", "CB_Choice\CB_Choice.csproj", "{6FB1D90C-021A-4952-8346-B6D24CE2ED34}"
EndProject
Global
	GlobalSection(SolutionConfigurationPlatforms) = preSolution
		Debug|Any CPU = Debug|Any CPU
		Release|Any CPU = Release|Any CPU
	EndGlobalSection
	GlobalSection(ProjectConfigurationPlatforms) = postSolution
		{6FB1D90C-021A-4952-8346-B6D24CE2ED34}.Debug|Any CPU.ActiveCfg = Debug|Any CPU
		{6FB1D90C-021A-4952-8346-B6D24CE2ED34}.Debug|Any CPU.Build.0 = Debug|Any CPU
		{6FB1D90C-021A-4952-8346-B6D24CE2ED34}.Release|Any CPU.ActiveCfg = Release|Any CPU
		{6FB1D90C-021A-4952-8346-B6D24CE2ED34}.Release|Any CPU.Build.0 = Release|Any CPU
	EndGlobalSection
	GlobalSection(SolutionProperties) = preSolution
		HideSolutionNode = FALSE
	EndGlobalSection
	GlobalSection(ExtensibilityGlobals) = postSolution
		SolutionGuid = {1F9B0E8F-5F4A-42B0-B64C-A6873B566E78}
	EndGlobalSection
EndGlobal
